{
    "requires": true,
    "lockfileVersion": 1,
    "dependencies": {
        "@popperjs/core": {
            "version": "2.9.0",
            "resolved": "https://registry.npm.taobao.org/@popperjs/core/download/@popperjs/core-2.9.0.tgz?cache=0&sync_timestamp=1614686361836&other_urls=https%3A%2F%2Fregistry.npm.taobao.org%2F%40popperjs%2Fcore%2Fdownload%2F%40popperjs%2Fcore-2.9.0.tgz",
            "integrity": "sha1-MuYyEik90++7UhzTWlAgq2bqpUY=",
            "dev": true
        },
        "@types/anymatch": {
            "version": "1.3.1",
            "resolved": "https://registry.npm.taobao.org/@types/anymatch/download/@types/anymatch-1.3.1.tgz?cache=0&sync_timestamp=1613378017677&other_urls=https%3A%2F%2Fregistry.npm.taobao.org%2F%40types%2Fanymatch%2Fdownload%2F%40types%2Fanymatch-1.3.1.tgz",
            "integrity": "sha1-M2utwb7sudrMOL6izzKt9ieoQho=",
            "dev": true
        },
        "@types/bootstrap": {
            "version": "5.0.8",
            "resolved": "https://registry.npm.taobao.org/@types/bootstrap/download/@types/bootstrap-5.0.8.tgz",
            "integrity": "sha1-I3Jb8VW+XupQeqZuLvj6JHsxG3I=",
            "dev": true,
            "requires": {
                "@popperjs/core": "^2.6.0",
                "@types/jquery": "*"
            }
        },
        "@types/jquery": {
            "version": "3.5.5",
            "resolved": "https://registry.npm.taobao.org/@types/jquery/download/@types/jquery-3.5.5.tgz",
            "integrity": "sha1-LGP0fJyNlmk9Jy9UU2Aq/YM4yQM=",
            "dev": true,
            "requires": {
                "@types/sizzle": "*"
            }
        },
        "@types/node": {
            "version": "14.14.31",
            "resolved": "https://registry.npm.taobao.org/@types/node/download/@types/node-14.14.31.tgz?cache=0&sync_timestamp=1613757947683&other_urls=https%3A%2F%2Fregistry.npm.taobao.org%2F%40types%2Fnode%2Fdownload%2F%40types%2Fnode-14.14.31.tgz",
            "integrity": "sha1-cihr0z0TeqDRUtR+x8F2JWPTQFU=",
            "dev": true
        },
        "@types/node-sass": {
            "version": "4.11.1",
            "resolved": "https://registry.npm.taobao.org/@types/node-sass/download/@types/node-sass-4.11.1.tgz",
            "integrity": "sha1-vaJ8UYHL98CQwwWOEZYz37K2UEw=",
            "dev": true,
            "requires": {
                "@types/node": "*"
            }
        },
        "@types/popper.js": {
            "version": "1.11.0",
            "resolved": "https://registry.npm.taobao.org/@types/popper.js/download/@types/popper.js-1.11.0.tgz",
            "integrity": "sha1-IXqSMZU97SaxWmJk+ZQuljqPbmk=",
            "dev": true,
            "requires": {
                "popper.js": "*"
            }
        },
        "@types/sass": {
            "version": "1.16.0",
            "resolved": "https://registry.npm.taobao.org/@types/sass/download/@types/sass-1.16.0.tgz",
            "integrity": "sha1-tBrBwX+mj/tX1D4jYEhu9Saz1X0=",
            "dev": true,
            "requires": {
                "@types/node": "*"
            }
        },
        "@types/sass-loader": {
            "version": "8.0.0",
            "resolved": "https://registry.npm.taobao.org/@types/sass-loader/download/@types/sass-loader-8.0.0.tgz",
            "integrity": "sha1-rTUOKPlJP2Hg/j4frwCGLWc1n1M=",
            "dev": true,
            "requires": {
                "@types/node-sass": "*",
                "@types/sass": "*",
                "@types/webpack": "*"
            }
        },
        "@types/sizzle": {
            "version": "2.3.2",
            "resolved": "https://registry.npm.taobao.org/@types/sizzle/download/@types/sizzle-2.3.2.tgz?cache=0&sync_timestamp=1613384346601&other_urls=https%3A%2F%2Fregistry.npm.taobao.org%2F%40types%2Fsizzle%2Fdownload%2F%40types%2Fsizzle-2.3.2.tgz",
            "integrity": "sha1-qBG4wY4rq6t9VCszZYh64uTZ3kc=",
            "dev": true
        },
        "@types/source-list-map": {
            "version": "0.1.2",
            "resolved": "https://registry.npm.taobao.org/@types/source-list-map/download/@types/source-list-map-0.1.2.tgz?cache=0&sync_timestamp=1613384391241&other_urls=https%3A%2F%2Fregistry.npm.taobao.org%2F%40types%2Fsource-list-map%2Fdownload%2F%40types%2Fsource-list-map-0.1.2.tgz",
            "integrity": "sha1-AHiDYGP/rxdBI0m7o2QIfgrALsk=",
            "dev": true
        },
        "@types/tapable": {
            "version": "1.0.6",
            "resolved": "https://registry.npm.taobao.org/@types/tapable/download/@types/tapable-1.0.6.tgz",
            "integrity": "sha1-qcpLcKGLJwzLK8Cqr+/R1Ia36nQ=",
            "dev": true
        },
        "@types/uglify-js": {
            "version": "3.12.0",
            "resolved": "https://registry.npm.taobao.org/@types/uglify-js/download/@types/uglify-js-3.12.0.tgz?cache=0&other_urls=https%3A%2F%2Fregistry.npm.taobao.org%2F%40types%2Fuglify-js%2Fdownload%2F%40types%2Fuglify-js-3.12.0.tgz",
            "integrity": "sha1-K7BhwmlEFiDUa5RjUMjxbVLvN8U=",
            "dev": true,
            "requires": {
                "source-map": "^0.6.1"
            }
        },
        "@types/webpack": {
            "version": "4.41.26",
            "resolved": "https://registry.npm.taobao.org/@types/webpack/download/@types/webpack-4.41.26.tgz",
            "integrity": "sha1-J6MNfVMeFkifnHYHx0e+a8GkWe8=",
            "dev": true,
            "requires": {
                "@types/anymatch": "*",
                "@types/node": "*",
                "@types/tapable": "*",
                "@types/uglify-js": "*",
                "@types/webpack-sources": "*",
                "source-map": "^0.6.0"
            }
        },
        "@types/webpack-sources": {
            "version": "2.1.0",
            "resolved": "https://registry.npm.taobao.org/@types/webpack-sources/download/@types/webpack-sources-2.1.0.tgz",
            "integrity": "sha1-iIKwvWLR4M5i8YPQ0Bty5ugujBA=",
            "dev": true,
            "requires": {
                "@types/node": "*",
                "@types/source-list-map": "*",
                "source-map": "^0.7.3"
            },
            "dependencies": {
                "source-map": {
                    "version": "0.7.3",
                    "resolved": "https://registry.npm.taobao.org/source-map/download/source-map-0.7.3.tgz",
                    "integrity": "sha1-UwL4FpAxc1ImVECS5kmB91F1A4M=",
                    "dev": true
                }
            }
        },
        "popper.js": {
            "version": "1.16.1",
            "resolved": "https://registry.npm.taobao.org/popper.js/download/popper.js-1.16.1.tgz",
            "integrity": "sha1-KiI8s9x7YhPXQOQDcr5A3kPmWxs=",
            "dev": true
        },
        "source-map": {
            "version": "0.6.1",
            "resolved": "https://registry.npm.taobao.org/source-map/download/source-map-0.6.1.tgz",
            "integrity": "sha1-dHIq8y6WFOnCh6jQu95IteLxomM=",
            "dev": true
        }
    }
}
